
Microsoft Visual Studio Solution File, Format Version 12.00
# Visual Studio Version 17
VisualStudioVersion = 17.12.35527.113
MinimumVisualStudioVersion = 10.0.40219.1
Project("{2150E333-8FDC-42A3-9474-1A3956D46DE8}") = "src", "src", "{F4BA0AEE-F508-4AE5-B211-94BA271D8CCC}"
EndProject
Project("{2150E333-8FDC-42A3-9474-1A3956D46DE8}") = "test", "test", "{B11264B1-A54B-420E-9589-ACC6B645C355}"
EndProject
Project("{FAE04EC0-301F-11D3-BF4B-00C04F79EFBC}") = "RSBTechnology.Framework.Shared", "src\RSBTechnology.Framework.Shared\RSBTechnology.Framework.Shared.csproj", "{F60713D0-6A53-4DE9-8AE1-86ABDEEB96D7}"
EndProject
Project("{FAE04EC0-301F-11D3-BF4B-00C04F79EFBC}") = "RSBTechnology.Framework.Test", "test\RSBTechnology.Framework.Test\RSBTechnology.Framework.Test.csproj", "{06802F5D-C7D1-4B64-9B09-4A91D4E47D41}"
EndProject
Global
	GlobalSection(SolutionConfigurationPlatforms) = preSolution
		Debug|Any CPU = Debug|Any CPU
		Release|Any CPU = Release|Any CPU
	EndGlobalSection
	GlobalSection(ProjectConfigurationPlatforms) = postSolution
		{F60713D0-6A53-4DE9-8AE1-86ABDEEB96D7}.Debug|Any CPU.ActiveCfg = Debug|Any CPU
		{F60713D0-6A53-4DE9-8AE1-86ABDEEB96D7}.Debug|Any CPU.Build.0 = Debug|Any CPU
		{F60713D0-6A53-4DE9-8AE1-86ABDEEB96D7}.Release|Any CPU.ActiveCfg = Release|Any CPU
		{F60713D0-6A53-4DE9-8AE1-86ABDEEB96D7}.Release|Any CPU.Build.0 = Release|Any CPU
		{06802F5D-C7D1-4B64-9B09-4A91D4E47D41}.Debug|Any CPU.ActiveCfg = Debug|Any CPU
		{06802F5D-C7D1-4B64-9B09-4A91D4E47D41}.Debug|Any CPU.Build.0 = Debug|Any CPU
		{06802F5D-C7D1-4B64-9B09-4A91D4E47D41}.Release|Any CPU.ActiveCfg = Release|Any CPU
		{06802F5D-C7D1-4B64-9B09-4A91D4E47D41}.Release|Any CPU.Build.0 = Release|Any CPU
	EndGlobalSection
	GlobalSection(SolutionProperties) = preSolution
		HideSolutionNode = FALSE
	EndGlobalSection
	GlobalSection(NestedProjects) = preSolution
		{F60713D0-6A53-4DE9-8AE1-86ABDEEB96D7} = {F4BA0AEE-F508-4AE5-B211-94BA271D8CCC}
		{06802F5D-C7D1-4B64-9B09-4A91D4E47D41} = {B11264B1-A54B-420E-9589-ACC6B645C355}
	EndGlobalSection
EndGlobal
